// !$*UTF8*$!
{
	archiveVersion = 1;
	classes = {
	};
	objectVersion = 51;
	objects = {

/* Begin PBXBuildFile section */
		097D04F41301B291FDA0303F /* Pods_OTFTemplateBox.framework in Frameworks */ = {isa = PBXBuildFile; fileRef = 9A147A15BE93D1E4BDCED209 /* Pods_OTFTemplateBox.framework */; };
		142F11A82626A6CA0045A5D2 /* AppSysParameters.yml in Resources */ = {isa = PBXBuildFile; fileRef = 142F11A02626A5BB0045A5D2 /* AppSysParameters.yml */; };
		145143C926789AC700B58834 /* AppSysParameters.yml in Resources */ = {isa = PBXBuildFile; fileRef = 145143C826789AC700B58834 /* AppSysParameters.yml */; };
		145C9F9D266FA03C005A88E7 /* HKSampleTypes.swift in Sources */ = {isa = PBXBuildFile; fileRef = 145C9F9C266FA03C005A88E7 /* HKSampleTypes.swift */; };
		145C9FA2266FA061005A88E7 /* OTFConfigManagerProtocol.swift in Sources */ = {isa = PBXBuildFile; fileRef = 145C9FA1266FA061005A88E7 /* OTFConfigManagerProtocol.swift */; };
		14AC58DA2625510D00A190E9 /* String+Extensions.swift in Sources */ = {isa = PBXBuildFile; fileRef = 14AC58D92625510D00A190E9 /* String+Extensions.swift */; };
		14AC58E7262556E500A190E9 /* ColorStyler.swift in Sources */ = {isa = PBXBuildFile; fileRef = 14AC58E6262556E500A190E9 /* ColorStyler.swift */; };
		14AC58F526255B4B00A190E9 /* FontStyler.swift in Sources */ = {isa = PBXBuildFile; fileRef = 14AC58F426255B4B00A190E9 /* FontStyler.swift */; };
		14FCA636262418E1001F3FDB /* OTFTemplateBox.framework in Frameworks */ = {isa = PBXBuildFile; fileRef = 14FCA62C262418E1001F3FDB /* OTFTemplateBox.framework */; };
		14FCA63B262418E1001F3FDB /* OTFTemplateBoxTests.swift in Sources */ = {isa = PBXBuildFile; fileRef = 14FCA63A262418E1001F3FDB /* OTFTemplateBoxTests.swift */; };
		14FCA63D262418E1001F3FDB /* OTFTemplateBox_Framework.h in Headers */ = {isa = PBXBuildFile; fileRef = 14FCA62F262418E1001F3FDB /* OTFTemplateBox_Framework.h */; settings = {ATTRIBUTES = (Public, ); }; };
		14FCA64A26241924001F3FDB /* OTFLogs.swift in Sources */ = {isa = PBXBuildFile; fileRef = 14FCA64926241924001F3FDB /* OTFLogs.swift */; };
		14FCA64F262419F8001F3FDB /* OTFConfig.swift in Sources */ = {isa = PBXBuildFile; fileRef = 14FCA64E262419F8001F3FDB /* OTFConfig.swift */; };
		14FCA65726241B72001F3FDB /* OTFConfigManager.swift in Sources */ = {isa = PBXBuildFile; fileRef = 14FCA65626241B72001F3FDB /* OTFConfigManager.swift */; };
		14FCA6A8262422E5001F3FDB /* Constants.swift in Sources */ = {isa = PBXBuildFile; fileRef = 14FCA6A7262422E5001F3FDB /* Constants.swift */; };
		14FCA6C026244797001F3FDB /* YAMLManager.swift in Sources */ = {isa = PBXBuildFile; fileRef = 14FCA6BF26244797001F3FDB /* YAMLManager.swift */; };
		14FCA6C52624497A001F3FDB /* OTFError.swift in Sources */ = {isa = PBXBuildFile; fileRef = 14FCA6C42624497A001F3FDB /* OTFError.swift */; };
		14FCA6D4262455D1001F3FDB /* Bundle+Extensions.swift in Sources */ = {isa = PBXBuildFile; fileRef = 14FCA6D3262455D1001F3FDB /* Bundle+Extensions.swift */; };
		23A8E3A90318217D0B877211 /* Pods_TestApp.framework in Frameworks */ = {isa = PBXBuildFile; fileRef = 7E81AAA95D85E077A00A5F27 /* Pods_TestApp.framework */; };
		6D04FE073D61520D6943A640 /* Pods_OTFTemplateBox_OTFTemplateBoxTests.framework in Frameworks */ = {isa = PBXBuildFile; fileRef = 66B3457A9EAD79150DB3918F /* Pods_OTFTemplateBox_OTFTemplateBoxTests.framework */; };
		84CDE41326EFD763000E7B5B /* README.md in Resources */ = {isa = PBXBuildFile; fileRef = 84CDE41226EFD763000E7B5B /* README.md */; };
		CE482CBC262C24E800C0A2D5 /* OTFTemplateBox.swift in Sources */ = {isa = PBXBuildFile; fileRef = CE482CBB262C24E800C0A2D5 /* OTFTemplateBox.swift */; };
		CE482CC6262C252F00C0A2D5 /* ContentView.swift in Sources */ = {isa = PBXBuildFile; fileRef = CE482CC5262C252F00C0A2D5 /* ContentView.swift */; };
/* End PBXBuildFile section */

/* Begin PBXContainerItemProxy section */
		140BD98D266E2CD800AE40DC /* PBXContainerItemProxy */ = {
			isa = PBXContainerItemProxy;
			containerPortal = 14FCA623262418E1001F3FDB /* Project object */;
			proxyType = 1;
			remoteGlobalIDString = 14FCA68A26241F61001F3FDB;
			remoteInfo = TestApp;
		};
		14FCA637262418E1001F3FDB /* PBXContainerItemProxy */ = {
			isa = PBXContainerItemProxy;
			containerPortal = 14FCA623262418E1001F3FDB /* Project object */;
			proxyType = 1;
			remoteGlobalIDString = 14FCA62B262418E1001F3FDB;
			remoteInfo = "Moonshine Framework";
		};
/* End PBXContainerItemProxy section */

/* Begin PBXFileReference section */
		142F11A02626A5BB0045A5D2 /* AppSysParameters.yml */ = {isa = PBXFileReference; fileEncoding = 4; lastKnownFileType = text.yaml; path = AppSysParameters.yml; sourceTree = "<group>"; };
		145143C826789AC700B58834 /* AppSysParameters.yml */ = {isa = PBXFileReference; fileEncoding = 4; lastKnownFileType = text.yaml; path = AppSysParameters.yml; sourceTree = "<group>"; };
		145C9F9C266FA03C005A88E7 /* HKSampleTypes.swift */ = {isa = PBXFileReference; lastKnownFileType = sourcecode.swift; path = HKSampleTypes.swift; sourceTree = "<group>"; };
		145C9FA1266FA061005A88E7 /* OTFConfigManagerProtocol.swift */ = {isa = PBXFileReference; lastKnownFileType = sourcecode.swift; path = OTFConfigManagerProtocol.swift; sourceTree = "<group>"; };
		14AC58D92625510D00A190E9 /* String+Extensions.swift */ = {isa = PBXFileReference; lastKnownFileType = sourcecode.swift; path = "String+Extensions.swift"; sourceTree = "<group>"; };
		14AC58E6262556E500A190E9 /* ColorStyler.swift */ = {isa = PBXFileReference; lastKnownFileType = sourcecode.swift; path = ColorStyler.swift; sourceTree = "<group>"; };
		14AC58F426255B4B00A190E9 /* FontStyler.swift */ = {isa = PBXFileReference; lastKnownFileType = sourcecode.swift; path = FontStyler.swift; sourceTree = "<group>"; };
		14FCA62C262418E1001F3FDB /* OTFTemplateBox.framework */ = {isa = PBXFileReference; explicitFileType = wrapper.framework; includeInIndex = 0; path = OTFTemplateBox.framework; sourceTree = BUILT_PRODUCTS_DIR; };
		14FCA62F262418E1001F3FDB /* OTFTemplateBox_Framework.h */ = {isa = PBXFileReference; lastKnownFileType = sourcecode.c.h; path = OTFTemplateBox_Framework.h; sourceTree = "<group>"; };
		14FCA630262418E1001F3FDB /* Info.plist */ = {isa = PBXFileReference; lastKnownFileType = text.plist.xml; path = Info.plist; sourceTree = "<group>"; };
		14FCA635262418E1001F3FDB /* OTFTemplateBoxTests.xctest */ = {isa = PBXFileReference; explicitFileType = wrapper.cfbundle; includeInIndex = 0; path = OTFTemplateBoxTests.xctest; sourceTree = BUILT_PRODUCTS_DIR; };
		14FCA63A262418E1001F3FDB /* OTFTemplateBoxTests.swift */ = {isa = PBXFileReference; lastKnownFileType = sourcecode.swift; path = OTFTemplateBoxTests.swift; sourceTree = "<group>"; };
		14FCA63C262418E1001F3FDB /* Info.plist */ = {isa = PBXFileReference; lastKnownFileType = text.plist.xml; path = Info.plist; sourceTree = "<group>"; };
		14FCA64926241924001F3FDB /* OTFLogs.swift */ = {isa = PBXFileReference; lastKnownFileType = sourcecode.swift; path = OTFLogs.swift; sourceTree = "<group>"; };
		14FCA64E262419F8001F3FDB /* OTFConfig.swift */ = {isa = PBXFileReference; lastKnownFileType = sourcecode.swift; path = OTFConfig.swift; sourceTree = "<group>"; };
		14FCA65626241B72001F3FDB /* OTFConfigManager.swift */ = {isa = PBXFileReference; lastKnownFileType = sourcecode.swift; path = OTFConfigManager.swift; sourceTree = "<group>"; };
		14FCA68B26241F61001F3FDB /* TestApp.app */ = {isa = PBXFileReference; explicitFileType = wrapper.application; includeInIndex = 0; path = TestApp.app; sourceTree = BUILT_PRODUCTS_DIR; };
		14FCA6A7262422E5001F3FDB /* Constants.swift */ = {isa = PBXFileReference; lastKnownFileType = sourcecode.swift; path = Constants.swift; sourceTree = "<group>"; };
		14FCA6BF26244797001F3FDB /* YAMLManager.swift */ = {isa = PBXFileReference; lastKnownFileType = sourcecode.swift; path = YAMLManager.swift; sourceTree = "<group>"; };
		14FCA6C42624497A001F3FDB /* OTFError.swift */ = {isa = PBXFileReference; lastKnownFileType = sourcecode.swift; path = OTFError.swift; sourceTree = "<group>"; };
		14FCA6D3262455D1001F3FDB /* Bundle+Extensions.swift */ = {isa = PBXFileReference; lastKnownFileType = sourcecode.swift; path = "Bundle+Extensions.swift"; sourceTree = "<group>"; };
		15181FD092DC4CDE69D83437 /* Pods-OTFTemplateBox.release.xcconfig */ = {isa = PBXFileReference; includeInIndex = 1; lastKnownFileType = text.xcconfig; name = "Pods-OTFTemplateBox.release.xcconfig"; path = "Target Support Files/Pods-OTFTemplateBox/Pods-OTFTemplateBox.release.xcconfig"; sourceTree = "<group>"; };
		4A363C1F6693449B93FF6552 /* Pods-TestApp.debug.xcconfig */ = {isa = PBXFileReference; includeInIndex = 1; lastKnownFileType = text.xcconfig; name = "Pods-TestApp.debug.xcconfig"; path = "Target Support Files/Pods-TestApp/Pods-TestApp.debug.xcconfig"; sourceTree = "<group>"; };
		66B3457A9EAD79150DB3918F /* Pods_OTFTemplateBox_OTFTemplateBoxTests.framework */ = {isa = PBXFileReference; explicitFileType = wrapper.framework; includeInIndex = 0; path = Pods_OTFTemplateBox_OTFTemplateBoxTests.framework; sourceTree = BUILT_PRODUCTS_DIR; };
		6844FC0011843B1A4C80E97D /* Pods-OTFTemplateBox-OTFTemplateBoxTests.release.xcconfig */ = {isa = PBXFileReference; includeInIndex = 1; lastKnownFileType = text.xcconfig; name = "Pods-OTFTemplateBox-OTFTemplateBoxTests.release.xcconfig"; path = "Target Support Files/Pods-OTFTemplateBox-OTFTemplateBoxTests/Pods-OTFTemplateBox-OTFTemplateBoxTests.release.xcconfig"; sourceTree = "<group>"; };
		7E81AAA95D85E077A00A5F27 /* Pods_TestApp.framework */ = {isa = PBXFileReference; explicitFileType = wrapper.framework; includeInIndex = 0; path = Pods_TestApp.framework; sourceTree = BUILT_PRODUCTS_DIR; };
		84CDE41226EFD763000E7B5B /* README.md */ = {isa = PBXFileReference; fileEncoding = 4; lastKnownFileType = net.daringfireball.markdown; path = README.md; sourceTree = "<group>"; };
		8E6E6BD3FA3774211E828185 /* Pods-OTFTemplateBox.debug.xcconfig */ = {isa = PBXFileReference; includeInIndex = 1; lastKnownFileType = text.xcconfig; name = "Pods-OTFTemplateBox.debug.xcconfig"; path = "Target Support Files/Pods-OTFTemplateBox/Pods-OTFTemplateBox.debug.xcconfig"; sourceTree = "<group>"; };
		9A147A15BE93D1E4BDCED209 /* Pods_OTFTemplateBox.framework */ = {isa = PBXFileReference; explicitFileType = wrapper.framework; includeInIndex = 0; path = Pods_OTFTemplateBox.framework; sourceTree = BUILT_PRODUCTS_DIR; };
		CE482CBA262C24E800C0A2D5 /* Example-Bridging-Header.h */ = {isa = PBXFileReference; lastKnownFileType = sourcecode.c.h; path = "Example-Bridging-Header.h"; sourceTree = "<group>"; };
		CE482CBB262C24E800C0A2D5 /* OTFTemplateBox.swift */ = {isa = PBXFileReference; lastKnownFileType = sourcecode.swift; path = OTFTemplateBox.swift; sourceTree = "<group>"; };
		CE482CC5262C252F00C0A2D5 /* ContentView.swift */ = {isa = PBXFileReference; lastKnownFileType = sourcecode.swift; path = ContentView.swift; sourceTree = "<group>"; };
		E7186E511DE598B438C37B5E /* Pods-TestApp.release.xcconfig */ = {isa = PBXFileReference; includeInIndex = 1; lastKnownFileType = text.xcconfig; name = "Pods-TestApp.release.xcconfig"; path = "Target Support Files/Pods-TestApp/Pods-TestApp.release.xcconfig"; sourceTree = "<group>"; };
		EC09C98EC4DD02365739D629 /* Pods-OTFTemplateBox-OTFTemplateBoxTests.debug.xcconfig */ = {isa = PBXFileReference; includeInIndex = 1; lastKnownFileType = text.xcconfig; name = "Pods-OTFTemplateBox-OTFTemplateBoxTests.debug.xcconfig"; path = "Target Support Files/Pods-OTFTemplateBox-OTFTemplateBoxTests/Pods-OTFTemplateBox-OTFTemplateBoxTests.debug.xcconfig"; sourceTree = "<group>"; };
/* End PBXFileReference section */

/* Begin PBXFrameworksBuildPhase section */
		14FCA629262418E1001F3FDB /* Frameworks */ = {
			isa = PBXFrameworksBuildPhase;
			buildActionMask = 2147483647;
			files = (
				097D04F41301B291FDA0303F /* Pods_OTFTemplateBox.framework in Frameworks */,
			);
			runOnlyForDeploymentPostprocessing = 0;
		};
		14FCA632262418E1001F3FDB /* Frameworks */ = {
			isa = PBXFrameworksBuildPhase;
			buildActionMask = 2147483647;
			files = (
				14FCA636262418E1001F3FDB /* OTFTemplateBox.framework in Frameworks */,
				6D04FE073D61520D6943A640 /* Pods_OTFTemplateBox_OTFTemplateBoxTests.framework in Frameworks */,
			);
			runOnlyForDeploymentPostprocessing = 0;
		};
		14FCA68826241F61001F3FDB /* Frameworks */ = {
			isa = PBXFrameworksBuildPhase;
			buildActionMask = 2147483647;
			files = (
				23A8E3A90318217D0B877211 /* Pods_TestApp.framework in Frameworks */,
			);
			runOnlyForDeploymentPostprocessing = 0;
		};
/* End PBXFrameworksBuildPhase section */

/* Begin PBXGroup section */
		14AC58D8262550FC00A190E9 /* Extensions */ = {
			isa = PBXGroup;
			children = (
				14FCA6D3262455D1001F3FDB /* Bundle+Extensions.swift */,
				14AC58D92625510D00A190E9 /* String+Extensions.swift */,
			);
			path = Extensions;
			sourceTree = "<group>";
		};
		14FCA622262418E1001F3FDB = {
			isa = PBXGroup;
			children = (
				84CDE41226EFD763000E7B5B /* README.md */,
				CE482CCB262C256300C0A2D5 /* Example_SwiftUI */,
				14FCA62E262418E1001F3FDB /* OTFTemplateBox */,
				14FCA639262418E1001F3FDB /* OTFTemplateBoxTests */,
				14FCA62D262418E1001F3FDB /* Products */,
				B1782EF8E14DADFC59F0C1F2 /* Pods */,
				4F43A92FEEFD811A5AA8D7FB /* Frameworks */,
			);
			sourceTree = "<group>";
		};
		14FCA62D262418E1001F3FDB /* Products */ = {
			isa = PBXGroup;
			children = (
				14FCA62C262418E1001F3FDB /* OTFTemplateBox.framework */,
				14FCA635262418E1001F3FDB /* OTFTemplateBoxTests.xctest */,
				14FCA68B26241F61001F3FDB /* TestApp.app */,
			);
			name = Products;
			sourceTree = "<group>";
		};
		14FCA62E262418E1001F3FDB /* OTFTemplateBox */ = {
			isa = PBXGroup;
			children = (
				14AC58D8262550FC00A190E9 /* Extensions */,
				14FCA6AC2624256E001F3FDB /* YAML */,
				14FCA64D262419E6001F3FDB /* Models */,
				14FCA64826241917001F3FDB /* Logs */,
				14FCA62F262418E1001F3FDB /* OTFTemplateBox_Framework.h */,
				14FCA630262418E1001F3FDB /* Info.plist */,
			);
			path = OTFTemplateBox;
			sourceTree = "<group>";
		};
		14FCA639262418E1001F3FDB /* OTFTemplateBoxTests */ = {
			isa = PBXGroup;
			children = (
				142F11A02626A5BB0045A5D2 /* AppSysParameters.yml */,
				14FCA63A262418E1001F3FDB /* OTFTemplateBoxTests.swift */,
				14FCA63C262418E1001F3FDB /* Info.plist */,
			);
			path = OTFTemplateBoxTests;
			sourceTree = "<group>";
		};
		14FCA64826241917001F3FDB /* Logs */ = {
			isa = PBXGroup;
			children = (
				14FCA64926241924001F3FDB /* OTFLogs.swift */,
			);
			path = Logs;
			sourceTree = "<group>";
		};
		14FCA64D262419E6001F3FDB /* Models */ = {
			isa = PBXGroup;
			children = (
				14FCA64E262419F8001F3FDB /* OTFConfig.swift */,
				145143C826789AC700B58834 /* AppSysParameters.yml */,
				14FCA65626241B72001F3FDB /* OTFConfigManager.swift */,
				145C9F9C266FA03C005A88E7 /* HKSampleTypes.swift */,
				145C9FA1266FA061005A88E7 /* OTFConfigManagerProtocol.swift */,
				14FCA6A7262422E5001F3FDB /* Constants.swift */,
				14FCA6C42624497A001F3FDB /* OTFError.swift */,
				14AC58E6262556E500A190E9 /* ColorStyler.swift */,
				14AC58F426255B4B00A190E9 /* FontStyler.swift */,
			);
			path = Models;
			sourceTree = "<group>";
		};
		14FCA6AC2624256E001F3FDB /* YAML */ = {
			isa = PBXGroup;
			children = (
				14FCA6BF26244797001F3FDB /* YAMLManager.swift */,
			);
			path = YAML;
			sourceTree = "<group>";
		};
		4F43A92FEEFD811A5AA8D7FB /* Frameworks */ = {
			isa = PBXGroup;
			children = (
				9A147A15BE93D1E4BDCED209 /* Pods_OTFTemplateBox.framework */,
				66B3457A9EAD79150DB3918F /* Pods_OTFTemplateBox_OTFTemplateBoxTests.framework */,
				7E81AAA95D85E077A00A5F27 /* Pods_TestApp.framework */,
			);
			name = Frameworks;
			sourceTree = "<group>";
		};
		B1782EF8E14DADFC59F0C1F2 /* Pods */ = {
			isa = PBXGroup;
			children = (
				8E6E6BD3FA3774211E828185 /* Pods-OTFTemplateBox.debug.xcconfig */,
				15181FD092DC4CDE69D83437 /* Pods-OTFTemplateBox.release.xcconfig */,
				EC09C98EC4DD02365739D629 /* Pods-OTFTemplateBox-OTFTemplateBoxTests.debug.xcconfig */,
				6844FC0011843B1A4C80E97D /* Pods-OTFTemplateBox-OTFTemplateBoxTests.release.xcconfig */,
				4A363C1F6693449B93FF6552 /* Pods-TestApp.debug.xcconfig */,
				E7186E511DE598B438C37B5E /* Pods-TestApp.release.xcconfig */,
			);
			path = Pods;
			sourceTree = "<group>";
		};
		CE482CCB262C256300C0A2D5 /* Example_SwiftUI */ = {
			isa = PBXGroup;
			children = (
				CE482CBA262C24E800C0A2D5 /* Example-Bridging-Header.h */,
				CE482CBB262C24E800C0A2D5 /* OTFTemplateBox.swift */,
				CE482CC5262C252F00C0A2D5 /* ContentView.swift */,
			);
			path = Example_SwiftUI;
			sourceTree = "<group>";
		};
/* End PBXGroup section */

/* Begin PBXHeadersBuildPhase section */
		14FCA627262418E1001F3FDB /* Headers */ = {
			isa = PBXHeadersBuildPhase;
			buildActionMask = 2147483647;
			files = (
				14FCA63D262418E1001F3FDB /* OTFTemplateBox_Framework.h in Headers */,
			);
			runOnlyForDeploymentPostprocessing = 0;
		};
/* End PBXHeadersBuildPhase section */

/* Begin PBXNativeTarget section */
		14FCA62B262418E1001F3FDB /* OTFTemplateBox */ = {
			isa = PBXNativeTarget;
			buildConfigurationList = 14FCA640262418E1001F3FDB /* Build configuration list for PBXNativeTarget "OTFTemplateBox" */;
			buildPhases = (
				DFE74AEA8917842392E4D601 /* [CP] Check Pods Manifest.lock */,
				14FCA627262418E1001F3FDB /* Headers */,
				14FCA628262418E1001F3FDB /* Sources */,
				14FCA629262418E1001F3FDB /* Frameworks */,
				14FCA62A262418E1001F3FDB /* Resources */,
				144B3C6526A15C5400CF0E11 /* Lint */,
			);
			buildRules = (
			);
			dependencies = (
			);
			name = OTFTemplateBox;
			productName = "Moonshine Framework";
			productReference = 14FCA62C262418E1001F3FDB /* OTFTemplateBox.framework */;
			productType = "com.apple.product-type.framework";
		};
		14FCA634262418E1001F3FDB /* OTFTemplateBoxTests */ = {
			isa = PBXNativeTarget;
			buildConfigurationList = 14FCA643262418E1001F3FDB /* Build configuration list for PBXNativeTarget "OTFTemplateBoxTests" */;
			buildPhases = (
				449A3A5CDB5B745928611F9B /* [CP] Check Pods Manifest.lock */,
				14FCA631262418E1001F3FDB /* Sources */,
				14FCA632262418E1001F3FDB /* Frameworks */,
				14FCA633262418E1001F3FDB /* Resources */,
				833B54B2B5BEF92140F5C18B /* [CP] Embed Pods Frameworks */,
			);
			buildRules = (
			);
			dependencies = (
				14FCA638262418E1001F3FDB /* PBXTargetDependency */,
				140BD98E266E2CD800AE40DC /* PBXTargetDependency */,
			);
			name = OTFTemplateBoxTests;
			productName = "Moonshine FrameworkTests";
			productReference = 14FCA635262418E1001F3FDB /* OTFTemplateBoxTests.xctest */;
			productType = "com.apple.product-type.bundle.unit-test";
		};
		14FCA68A26241F61001F3FDB /* TestApp */ = {
			isa = PBXNativeTarget;
			buildConfigurationList = 14FCA69C26241F62001F3FDB /* Build configuration list for PBXNativeTarget "TestApp" */;
			buildPhases = (
				23846151C3126863D956E048 /* [CP] Check Pods Manifest.lock */,
				14FCA68726241F61001F3FDB /* Sources */,
				14FCA68826241F61001F3FDB /* Frameworks */,
				14FCA68926241F61001F3FDB /* Resources */,
			);
			buildRules = (
			);
			dependencies = (
			);
			name = TestApp;
			productName = TestApp;
			productReference = 14FCA68B26241F61001F3FDB /* TestApp.app */;
			productType = "com.apple.product-type.application";
		};
/* End PBXNativeTarget section */

/* Begin PBXProject section */
		14FCA623262418E1001F3FDB /* Project object */ = {
			isa = PBXProject;
			attributes = {
				LastSwiftUpdateCheck = 1230;
				LastUpgradeCheck = 1230;
				TargetAttributes = {
					14FCA62B262418E1001F3FDB = {
						CreatedOnToolsVersion = 12.3;
						LastSwiftMigration = 1230;
					};
					14FCA634262418E1001F3FDB = {
						CreatedOnToolsVersion = 12.3;
						TestTargetID = 14FCA68A26241F61001F3FDB;
					};
					14FCA68A26241F61001F3FDB = {
						CreatedOnToolsVersion = 12.3;
						LastSwiftMigration = 1240;
					};
				};
			};
			buildConfigurationList = 14FCA626262418E1001F3FDB /* Build configuration list for PBXProject "OTFTemplateBox" */;
			compatibilityVersion = "Xcode 9.3";
			developmentRegion = en;
			hasScannedForEncodings = 0;
			knownRegions = (
				en,
				Base,
			);
			mainGroup = 14FCA622262418E1001F3FDB;
			productRefGroup = 14FCA62D262418E1001F3FDB /* Products */;
			projectDirPath = "";
			projectRoot = "";
			targets = (
				14FCA68A26241F61001F3FDB /* TestApp */,
				14FCA62B262418E1001F3FDB /* OTFTemplateBox */,
				14FCA634262418E1001F3FDB /* OTFTemplateBoxTests */,
			);
		};
/* End PBXProject section */

/* Begin PBXResourcesBuildPhase section */
		14FCA62A262418E1001F3FDB /* Resources */ = {
			isa = PBXResourcesBuildPhase;
			buildActionMask = 2147483647;
			files = (
				145143C926789AC700B58834 /* AppSysParameters.yml in Resources */,
			);
			runOnlyForDeploymentPostprocessing = 0;
		};
		14FCA633262418E1001F3FDB /* Resources */ = {
			isa = PBXResourcesBuildPhase;
			buildActionMask = 2147483647;
			files = (
				142F11A82626A6CA0045A5D2 /* AppSysParameters.yml in Resources */,
			);
			runOnlyForDeploymentPostprocessing = 0;
		};
		14FCA68926241F61001F3FDB /* Resources */ = {
			isa = PBXResourcesBuildPhase;
			buildActionMask = 2147483647;
			files = (
				84CDE41326EFD763000E7B5B /* README.md in Resources */,
			);
			runOnlyForDeploymentPostprocessing = 0;
		};
/* End PBXResourcesBuildPhase section */

/* Begin PBXShellScriptBuildPhase section */
		144B3C6526A15C5400CF0E11 /* Lint */ = {
			isa = PBXShellScriptBuildPhase;
			buildActionMask = 2147483647;
			files = (
			);
			inputFileListPaths = (
			);
			inputPaths = (
			);
			name = Lint;
			outputFileListPaths = (
			);
			outputPaths = (
			);
			runOnlyForDeploymentPostprocessing = 0;
			shellPath = /bin/sh;
			shellScript = "if which swiftlint >/dev/null; then\n    swiftlint\nelse\n    echo \"warning: SwiftLint not installed, download from https://github.com/realm/SwiftLint\"\nfi\n";
		};
		23846151C3126863D956E048 /* [CP] Check Pods Manifest.lock */ = {
			isa = PBXShellScriptBuildPhase;
			buildActionMask = 2147483647;
			files = (
			);
			inputFileListPaths = (
			);
			inputPaths = (
				"${PODS_PODFILE_DIR_PATH}/Podfile.lock",
				"${PODS_ROOT}/Manifest.lock",
			);
			name = "[CP] Check Pods Manifest.lock";
			outputFileListPaths = (
			);
			outputPaths = (
				"$(DERIVED_FILE_DIR)/Pods-TestApp-checkManifestLockResult.txt",
			);
			runOnlyForDeploymentPostprocessing = 0;
			shellPath = /bin/sh;
			shellScript = "diff \"${PODS_PODFILE_DIR_PATH}/Podfile.lock\" \"${PODS_ROOT}/Manifest.lock\" > /dev/null\nif [ $? != 0 ] ; then\n    # print error to STDERR\n    echo \"error: The sandbox is not in sync with the Podfile.lock. Run 'pod install' or update your CocoaPods installation.\" >&2\n    exit 1\nfi\n# This output is used by Xcode 'outputs' to avoid re-running this script phase.\necho \"SUCCESS\" > \"${SCRIPT_OUTPUT_FILE_0}\"\n";
			showEnvVarsInLog = 0;
		};
		449A3A5CDB5B745928611F9B /* [CP] Check Pods Manifest.lock */ = {
			isa = PBXShellScriptBuildPhase;
			buildActionMask = 2147483647;
			files = (
			);
			inputFileListPaths = (
			);
			inputPaths = (
				"${PODS_PODFILE_DIR_PATH}/Podfile.lock",
				"${PODS_ROOT}/Manifest.lock",
			);
			name = "[CP] Check Pods Manifest.lock";
			outputFileListPaths = (
			);
			outputPaths = (
				"$(DERIVED_FILE_DIR)/Pods-OTFTemplateBox-OTFTemplateBoxTests-checkManifestLockResult.txt",
			);
			runOnlyForDeploymentPostprocessing = 0;
			shellPath = /bin/sh;
			shellScript = "diff \"${PODS_PODFILE_DIR_PATH}/Podfile.lock\" \"${PODS_ROOT}/Manifest.lock\" > /dev/null\nif [ $? != 0 ] ; then\n    # print error to STDERR\n    echo \"error: The sandbox is not in sync with the Podfile.lock. Run 'pod install' or update your CocoaPods installation.\" >&2\n    exit 1\nfi\n# This output is used by Xcode 'outputs' to avoid re-running this script phase.\necho \"SUCCESS\" > \"${SCRIPT_OUTPUT_FILE_0}\"\n";
			showEnvVarsInLog = 0;
		};
		833B54B2B5BEF92140F5C18B /* [CP] Embed Pods Frameworks */ = {
			isa = PBXShellScriptBuildPhase;
			buildActionMask = 2147483647;
			files = (
			);
			inputFileListPaths = (
				"${PODS_ROOT}/Target Support Files/Pods-OTFTemplateBox-OTFTemplateBoxTests/Pods-OTFTemplateBox-OTFTemplateBoxTests-frameworks-${CONFIGURATION}-input-files.xcfilelist",
			);
			name = "[CP] Embed Pods Frameworks";
			outputFileListPaths = (
				"${PODS_ROOT}/Target Support Files/Pods-OTFTemplateBox-OTFTemplateBoxTests/Pods-OTFTemplateBox-OTFTemplateBoxTests-frameworks-${CONFIGURATION}-output-files.xcfilelist",
			);
			runOnlyForDeploymentPostprocessing = 0;
			shellPath = /bin/sh;
			shellScript = "\"${PODS_ROOT}/Target Support Files/Pods-OTFTemplateBox-OTFTemplateBoxTests/Pods-OTFTemplateBox-OTFTemplateBoxTests-frameworks.sh\"\n";
			showEnvVarsInLog = 0;
		};
		DFE74AEA8917842392E4D601 /* [CP] Check Pods Manifest.lock */ = {
			isa = PBXShellScriptBuildPhase;
			buildActionMask = 2147483647;
			files = (
			);
			inputFileListPaths = (
			);
			inputPaths = (
				"${PODS_PODFILE_DIR_PATH}/Podfile.lock",
				"${PODS_ROOT}/Manifest.lock",
			);
			name = "[CP] Check Pods Manifest.lock";
			outputFileListPaths = (
			);
			outputPaths = (
				"$(DERIVED_FILE_DIR)/Pods-OTFTemplateBox-checkManifestLockResult.txt",
			);
			runOnlyForDeploymentPostprocessing = 0;
			shellPath = /bin/sh;
			shellScript = "diff \"${PODS_PODFILE_DIR_PATH}/Podfile.lock\" \"${PODS_ROOT}/Manifest.lock\" > /dev/null\nif [ $? != 0 ] ; then\n    # print error to STDERR\n    echo \"error: The sandbox is not in sync with the Podfile.lock. Run 'pod install' or update your CocoaPods installation.\" >&2\n    exit 1\nfi\n# This output is used by Xcode 'outputs' to avoid re-running this script phase.\necho \"SUCCESS\" > \"${SCRIPT_OUTPUT_FILE_0}\"\n";
			showEnvVarsInLog = 0;
		};
/* End PBXShellScriptBuildPhase section */

/* Begin PBXSourcesBuildPhase section */
		14FCA628262418E1001F3FDB /* Sources */ = {
			isa = PBXSourcesBuildPhase;
			buildActionMask = 2147483647;
			files = (
				14FCA6A8262422E5001F3FDB /* Constants.swift in Sources */,
				145C9FA2266FA061005A88E7 /* OTFConfigManagerProtocol.swift in Sources */,
				14FCA65726241B72001F3FDB /* OTFConfigManager.swift in Sources */,
				14FCA64F262419F8001F3FDB /* OTFConfig.swift in Sources */,
				14FCA64A26241924001F3FDB /* OTFLogs.swift in Sources */,
				14AC58E7262556E500A190E9 /* ColorStyler.swift in Sources */,
				14AC58DA2625510D00A190E9 /* String+Extensions.swift in Sources */,
				14FCA6C026244797001F3FDB /* YAMLManager.swift in Sources */,
				145C9F9D266FA03C005A88E7 /* HKSampleTypes.swift in Sources */,
				14FCA6C52624497A001F3FDB /* OTFError.swift in Sources */,
				14FCA6D4262455D1001F3FDB /* Bundle+Extensions.swift in Sources */,
				14AC58F526255B4B00A190E9 /* FontStyler.swift in Sources */,
			);
			runOnlyForDeploymentPostprocessing = 0;
		};
		14FCA631262418E1001F3FDB /* Sources */ = {
			isa = PBXSourcesBuildPhase;
			buildActionMask = 2147483647;
			files = (
				14FCA63B262418E1001F3FDB /* OTFTemplateBoxTests.swift in Sources */,
			);
			runOnlyForDeploymentPostprocessing = 0;
		};
		14FCA68726241F61001F3FDB /* Sources */ = {
			isa = PBXSourcesBuildPhase;
			buildActionMask = 2147483647;
			files = (
				CE482CC6262C252F00C0A2D5 /* ContentView.swift in Sources */,
				CE482CBC262C24E800C0A2D5 /* OTFTemplateBox.swift in Sources */,
			);
			runOnlyForDeploymentPostprocessing = 0;
		};
/* End PBXSourcesBuildPhase section */

/* Begin PBXTargetDependency section */
		140BD98E266E2CD800AE40DC /* PBXTargetDependency */ = {
			isa = PBXTargetDependency;
			target = 14FCA68A26241F61001F3FDB /* TestApp */;
			targetProxy = 140BD98D266E2CD800AE40DC /* PBXContainerItemProxy */;
		};
		14FCA638262418E1001F3FDB /* PBXTargetDependency */ = {
			isa = PBXTargetDependency;
			target = 14FCA62B262418E1001F3FDB /* OTFTemplateBox */;
			targetProxy = 14FCA637262418E1001F3FDB /* PBXContainerItemProxy */;
		};
/* End PBXTargetDependency section */

/* Begin XCBuildConfiguration section */
		14FCA63E262418E1001F3FDB /* Debug */ = {
			isa = XCBuildConfiguration;
			buildSettings = {
				ALWAYS_SEARCH_USER_PATHS = NO;
				CLANG_ANALYZER_NONNULL = YES;
				CLANG_ANALYZER_NUMBER_OBJECT_CONVERSION = YES_AGGRESSIVE;
				CLANG_CXX_LANGUAGE_STANDARD = "gnu++14";
				CLANG_CXX_LIBRARY = "libc++";
				CLANG_ENABLE_MODULES = YES;
				CLANG_ENABLE_OBJC_ARC = YES;
				CLANG_ENABLE_OBJC_WEAK = YES;
				CLANG_WARN_BLOCK_CAPTURE_AUTORELEASING = YES;
				CLANG_WARN_BOOL_CONVERSION = YES;
				CLANG_WARN_COMMA = YES;
				CLANG_WARN_CONSTANT_CONVERSION = YES;
				CLANG_WARN_DEPRECATED_OBJC_IMPLEMENTATIONS = YES;
				CLANG_WARN_DIRECT_OBJC_ISA_USAGE = YES_ERROR;
				CLANG_WARN_DOCUMENTATION_COMMENTS = YES;
				CLANG_WARN_EMPTY_BODY = YES;
				CLANG_WARN_ENUM_CONVERSION = YES;
				CLANG_WARN_INFINITE_RECURSION = YES;
				CLANG_WARN_INT_CONVERSION = YES;
				CLANG_WARN_NON_LITERAL_NULL_CONVERSION = YES;
				CLANG_WARN_OBJC_IMPLICIT_RETAIN_SELF = YES;
				CLANG_WARN_OBJC_LITERAL_CONVERSION = YES;
				CLANG_WARN_OBJC_ROOT_CLASS = YES_ERROR;
				CLANG_WARN_QUOTED_INCLUDE_IN_FRAMEWORK_HEADER = YES;
				CLANG_WARN_RANGE_LOOP_ANALYSIS = YES;
				CLANG_WARN_STRICT_PROTOTYPES = YES;
				CLANG_WARN_SUSPICIOUS_MOVE = YES;
				CLANG_WARN_UNGUARDED_AVAILABILITY = YES_AGGRESSIVE;
				CLANG_WARN_UNREACHABLE_CODE = YES;
				CLANG_WARN__DUPLICATE_METHOD_MATCH = YES;
				COPY_PHASE_STRIP = NO;
				CURRENT_PROJECT_VERSION = 1;
				DEBUG_INFORMATION_FORMAT = dwarf;
				ENABLE_STRICT_OBJC_MSGSEND = YES;
				ENABLE_TESTABILITY = YES;
				GCC_C_LANGUAGE_STANDARD = gnu11;
				GCC_DYNAMIC_NO_PIC = NO;
				GCC_NO_COMMON_BLOCKS = YES;
				GCC_OPTIMIZATION_LEVEL = 0;
				GCC_PREPROCESSOR_DEFINITIONS = (
					"DEBUG=1",
					"$(inherited)",
				);
				GCC_WARN_64_TO_32_BIT_CONVERSION = YES;
				GCC_WARN_ABOUT_RETURN_TYPE = YES_ERROR;
				GCC_WARN_UNDECLARED_SELECTOR = YES;
				GCC_WARN_UNINITIALIZED_AUTOS = YES_AGGRESSIVE;
				GCC_WARN_UNUSED_FUNCTION = YES;
				GCC_WARN_UNUSED_VARIABLE = YES;
				IPHONEOS_DEPLOYMENT_TARGET = 14.3;
				MTL_ENABLE_DEBUG_INFO = INCLUDE_SOURCE;
				MTL_FAST_MATH = YES;
				ONLY_ACTIVE_ARCH = YES;
				SDKROOT = iphoneos;
				SWIFT_ACTIVE_COMPILATION_CONDITIONS = DEBUG;
				SWIFT_OPTIMIZATION_LEVEL = "-Onone";
				VERSIONING_SYSTEM = "apple-generic";
				VERSION_INFO_PREFIX = "";
			};
			name = Debug;
		};
		14FCA63F262418E1001F3FDB /* Release */ = {
			isa = XCBuildConfiguration;
			buildSettings = {
				ALWAYS_SEARCH_USER_PATHS = NO;
				CLANG_ANALYZER_NONNULL = YES;
				CLANG_ANALYZER_NUMBER_OBJECT_CONVERSION = YES_AGGRESSIVE;
				CLANG_CXX_LANGUAGE_STANDARD = "gnu++14";
				CLANG_CXX_LIBRARY = "libc++";
				CLANG_ENABLE_MODULES = YES;
				CLANG_ENABLE_OBJC_ARC = YES;
				CLANG_ENABLE_OBJC_WEAK = YES;
				CLANG_WARN_BLOCK_CAPTURE_AUTORELEASING = YES;
				CLANG_WARN_BOOL_CONVERSION = YES;
				CLANG_WARN_COMMA = YES;
				CLANG_WARN_CONSTANT_CONVERSION = YES;
				CLANG_WARN_DEPRECATED_OBJC_IMPLEMENTATIONS = YES;
				CLANG_WARN_DIRECT_OBJC_ISA_USAGE = YES_ERROR;
				CLANG_WARN_DOCUMENTATION_COMMENTS = YES;
				CLANG_WARN_EMPTY_BODY = YES;
				CLANG_WARN_ENUM_CONVERSION = YES;
				CLANG_WARN_INFINITE_RECURSION = YES;
				CLANG_WARN_INT_CONVERSION = YES;
				CLANG_WARN_NON_LITERAL_NULL_CONVERSION = YES;
				CLANG_WARN_OBJC_IMPLICIT_RETAIN_SELF = YES;
				CLANG_WARN_OBJC_LITERAL_CONVERSION = YES;
				CLANG_WARN_OBJC_ROOT_CLASS = YES_ERROR;
				CLANG_WARN_QUOTED_INCLUDE_IN_FRAMEWORK_HEADER = YES;
				CLANG_WARN_RANGE_LOOP_ANALYSIS = YES;
				CLANG_WARN_STRICT_PROTOTYPES = YES;
				CLANG_WARN_SUSPICIOUS_MOVE = YES;
				CLANG_WARN_UNGUARDED_AVAILABILITY = YES_AGGRESSIVE;
				CLANG_WARN_UNREACHABLE_CODE = YES;
				CLANG_WARN__DUPLICATE_METHOD_MATCH = YES;
				COPY_PHASE_STRIP = NO;
				CURRENT_PROJECT_VERSION = 1;
				DEBUG_INFORMATION_FORMAT = "dwarf-with-dsym";
				ENABLE_NS_ASSERTIONS = NO;
				ENABLE_STRICT_OBJC_MSGSEND = YES;
				GCC_C_LANGUAGE_STANDARD = gnu11;
				GCC_NO_COMMON_BLOCKS = YES;
				GCC_WARN_64_TO_32_BIT_CONVERSION = YES;
				GCC_WARN_ABOUT_RETURN_TYPE = YES_ERROR;
				GCC_WARN_UNDECLARED_SELECTOR = YES;
				GCC_WARN_UNINITIALIZED_AUTOS = YES_AGGRESSIVE;
				GCC_WARN_UNUSED_FUNCTION = YES;
				GCC_WARN_UNUSED_VARIABLE = YES;
				IPHONEOS_DEPLOYMENT_TARGET = 14.3;
				MTL_ENABLE_DEBUG_INFO = NO;
				MTL_FAST_MATH = YES;
				SDKROOT = iphoneos;
				SWIFT_COMPILATION_MODE = wholemodule;
				SWIFT_OPTIMIZATION_LEVEL = "-O";
				VALIDATE_PRODUCT = YES;
				VERSIONING_SYSTEM = "apple-generic";
				VERSION_INFO_PREFIX = "";
			};
			name = Release;
		};
		14FCA641262418E1001F3FDB /* Debug */ = {
			isa = XCBuildConfiguration;
			baseConfigurationReference = 8E6E6BD3FA3774211E828185 /* Pods-OTFTemplateBox.debug.xcconfig */;
			buildSettings = {
				CLANG_ENABLE_MODULES = YES;
				CODE_SIGN_STYLE = Automatic;
				DEFINES_MODULE = YES;
				DEVELOPMENT_TEAM = BS4R9ZW87K;
				DYLIB_COMPATIBILITY_VERSION = 1;
				DYLIB_CURRENT_VERSION = 1;
				DYLIB_INSTALL_NAME_BASE = "@rpath";
				INFOPLIST_FILE = "$(SRCROOT)/$(TARGETNAME)/Info.plist";
				INSTALL_PATH = "$(LOCAL_LIBRARY_DIR)/Frameworks";
				LD_RUNPATH_SEARCH_PATHS = (
					"$(inherited)",
					"@executable_path/Frameworks",
					"@loader_path/Frameworks",
				);
				PRODUCT_BUNDLE_IDENTIFIER = com.HippocratesTech.OTFTemplateBox;
				PRODUCT_NAME = "$(TARGET_NAME:c99extidentifier)";
				SKIP_INSTALL = YES;
				SWIFT_INSTALL_OBJC_HEADER = NO;
				SWIFT_OPTIMIZATION_LEVEL = "-Onone";
				SWIFT_VERSION = 5.0;
				TARGETED_DEVICE_FAMILY = "1,2";
			};
			name = Debug;
		};
		14FCA642262418E1001F3FDB /* Release */ = {
			isa = XCBuildConfiguration;
			baseConfigurationReference = 15181FD092DC4CDE69D83437 /* Pods-OTFTemplateBox.release.xcconfig */;
			buildSettings = {
				CLANG_ENABLE_MODULES = YES;
				CODE_SIGN_STYLE = Automatic;
				DEFINES_MODULE = YES;
				DEVELOPMENT_TEAM = BS4R9ZW87K;
				DYLIB_COMPATIBILITY_VERSION = 1;
				DYLIB_CURRENT_VERSION = 1;
				DYLIB_INSTALL_NAME_BASE = "@rpath";
				INFOPLIST_FILE = "$(SRCROOT)/$(TARGETNAME)/Info.plist";
				INSTALL_PATH = "$(LOCAL_LIBRARY_DIR)/Frameworks";
				LD_RUNPATH_SEARCH_PATHS = (
					"$(inherited)",
					"@executable_path/Frameworks",
					"@loader_path/Frameworks",
				);
				PRODUCT_BUNDLE_IDENTIFIER = com.HippocratesTech.OTFTemplateBox;
				PRODUCT_NAME = "$(TARGET_NAME:c99extidentifier)";
				SKIP_INSTALL = YES;
				SWIFT_INSTALL_OBJC_HEADER = NO;
				SWIFT_VERSION = 5.0;
				TARGETED_DEVICE_FAMILY = "1,2";
			};
			name = Release;
		};
		14FCA644262418E1001F3FDB /* Debug */ = {
			isa = XCBuildConfiguration;
			baseConfigurationReference = EC09C98EC4DD02365739D629 /* Pods-OTFTemplateBox-OTFTemplateBoxTests.debug.xcconfig */;
			buildSettings = {
				ALWAYS_EMBED_SWIFT_STANDARD_LIBRARIES = YES;
				BUNDLE_LOADER = "$(TEST_HOST)";
				CODE_SIGN_STYLE = Automatic;
				DEVELOPMENT_TEAM = BS4R9ZW87K;
				INFOPLIST_FILE = "$(SRCROOT)/$(TARGETNAME)/Info.plist";
				LD_RUNPATH_SEARCH_PATHS = (
					"$(inherited)",
					"@executable_path/Frameworks",
					"@loader_path/Frameworks",
				);
				PRODUCT_BUNDLE_IDENTIFIER = "com.HippocratesTech.OTFTemplateBox-FrameworkTests";
				PRODUCT_NAME = "$(TARGET_NAME)";
				SWIFT_VERSION = 5.0;
				TARGETED_DEVICE_FAMILY = "1,2";
				TEST_HOST = "$(BUILT_PRODUCTS_DIR)/TestApp.app/TestApp";
			};
			name = Debug;
		};
		14FCA645262418E1001F3FDB /* Release */ = {
			isa = XCBuildConfiguration;
			baseConfigurationReference = 6844FC0011843B1A4C80E97D /* Pods-OTFTemplateBox-OTFTemplateBoxTests.release.xcconfig */;
			buildSettings = {
				ALWAYS_EMBED_SWIFT_STANDARD_LIBRARIES = YES;
				BUNDLE_LOADER = "$(TEST_HOST)";
				CODE_SIGN_STYLE = Automatic;
				DEVELOPMENT_TEAM = BS4R9ZW87K;
				INFOPLIST_FILE = "$(SRCROOT)/$(TARGETNAME)/Info.plist";
				LD_RUNPATH_SEARCH_PATHS = (
					"$(inherited)",
					"@executable_path/Frameworks",
					"@loader_path/Frameworks",
				);
				PRODUCT_BUNDLE_IDENTIFIER = "com.HippocratesTech.OTFTemplateBox-FrameworkTests";
				PRODUCT_NAME = "$(TARGET_NAME)";
				SWIFT_VERSION = 5.0;
				TARGETED_DEVICE_FAMILY = "1,2";
				TEST_HOST = "$(BUILT_PRODUCTS_DIR)/TestApp.app/TestApp";
			};
			name = Release;
		};
		14FCA69D26241F62001F3FDB /* Debug */ = {
			isa = XCBuildConfiguration;
			baseConfigurationReference = 4A363C1F6693449B93FF6552 /* Pods-TestApp.debug.xcconfig */;
			buildSettings = {
				ASSETCATALOG_COMPILER_GLOBAL_ACCENT_COLOR_NAME = AccentColor;
				CLANG_ENABLE_MODULES = YES;
				CODE_SIGN_STYLE = Automatic;
				DEVELOPMENT_TEAM = BS4R9ZW87K;
				INFOPLIST_FILE = "$(SRCROOT)/OTFTemplateBox/Info.plist";
				LD_RUNPATH_SEARCH_PATHS = (
					"$(inherited)",
					"@executable_path/Frameworks",
				);
				PRODUCT_BUNDLE_IDENTIFIER = com.HippocratesTech.TestApp;
				PRODUCT_NAME = "$(TARGET_NAME)";
				SWIFT_OBJC_BRIDGING_HEADER = "Example_SwiftUI/Example-Bridging-Header.h";
				SWIFT_OPTIMIZATION_LEVEL = "-Onone";
				SWIFT_VERSION = 5.0;
				TARGETED_DEVICE_FAMILY = "1,2";
			};
			name = Debug;
		};
		14FCA69E26241F62001F3FDB /* Release */ = {
			isa = XCBuildConfiguration;
			baseConfigurationReference = E7186E511DE598B438C37B5E /* Pods-TestApp.release.xcconfig */;
			buildSettings = {
				ASSETCATALOG_COMPILER_GLOBAL_ACCENT_COLOR_NAME = AccentColor;
				CLANG_ENABLE_MODULES = YES;
				CODE_SIGN_STYLE = Automatic;
				DEVELOPMENT_TEAM = BS4R9ZW87K;
				INFOPLIST_FILE = "$(SRCROOT)/OTFTemplateBox/Info.plist";
				LD_RUNPATH_SEARCH_PATHS = (
					"$(inherited)",
					"@executable_path/Frameworks",
				);
				PRODUCT_BUNDLE_IDENTIFIER = com.HippocratesTech.TestApp;
				PRODUCT_NAME = "$(TARGET_NAME)";
				SWIFT_OBJC_BRIDGING_HEADER = "Example_SwiftUI/Example-Bridging-Header.h";
				SWIFT_VERSION = 5.0;
				TARGETED_DEVICE_FAMILY = "1,2";
			};
			name = Release;
		};
/* End XCBuildConfiguration section */

/* Begin XCConfigurationList section */
		14FCA626262418E1001F3FDB /* Build configuration list for PBXProject "OTFTemplateBox" */ = {
			isa = XCConfigurationList;
			buildConfigurations = (
				14FCA63E262418E1001F3FDB /* Debug */,
				14FCA63F262418E1001F3FDB /* Release */,
			);
			defaultConfigurationIsVisible = 0;
			defaultConfigurationName = Release;
		};
		14FCA640262418E1001F3FDB /* Build configuration list for PBXNativeTarget "OTFTemplateBox" */ = {
			isa = XCConfigurationList;
			buildConfigurations = (
				14FCA641262418E1001F3FDB /* Debug */,
				14FCA642262418E1001F3FDB /* Release */,
			);
			defaultConfigurationIsVisible = 0;
			defaultConfigurationName = Release;
		};
		14FCA643262418E1001F3FDB /* Build configuration list for PBXNativeTarget "OTFTemplateBoxTests" */ = {
			isa = XCConfigurationList;
			buildConfigurations = (
				14FCA644262418E1001F3FDB /* Debug */,
				14FCA645262418E1001F3FDB /* Release */,
			);
			defaultConfigurationIsVisible = 0;
			defaultConfigurationName = Release;
		};
		14FCA69C26241F62001F3FDB /* Build configuration list for PBXNativeTarget "TestApp" */ = {
			isa = XCConfigurationList;
			buildConfigurations = (
				14FCA69D26241F62001F3FDB /* Debug */,
				14FCA69E26241F62001F3FDB /* Release */,
			);
			defaultConfigurationIsVisible = 0;
			defaultConfigurationName = Release;
		};
/* End XCConfigurationList section */
	};
	rootObject = 14FCA623262418E1001F3FDB /* Project object */;
}
